
Microsoft Visual Studio Solution File, Format Version 12.00
# Visual Studio Version 16
VisualStudioVersion = 16.0.30717.126
MinimumVisualStudioVersion = 10.0.40219.1
Project("{FAE04EC0-301F-11D3-BF4B-00C04F79EFBC}") = "PIMdesktop", "PIMdesktop\PIMdesktop.csproj", "{BE3B1CA9-F2D8-49BF-880B-D027019DDD47}"
EndProject
Global
	GlobalSection(SolutionConfigurationPlatforms) = preSolution
		Debug|Any CPU = Debug|Any CPU
		Release|Any CPU = Release|Any CPU
	EndGlobalSection
	GlobalSection(ProjectConfigurationPlatforms) = postSolution
		{BE3B1CA9-F2D8-49BF-880B-D027019DDD47}.Debug|Any CPU.ActiveCfg = Debug|Any CPU
		{BE3B1CA9-F2D8-49BF-880B-D027019DDD47}.Debug|Any CPU.Build.0 = Debug|Any CPU
		{BE3B1CA9-F2D8-49BF-880B-D027019DDD47}.Release|Any CPU.ActiveCfg = Release|Any CPU
		{BE3B1CA9-F2D8-49BF-880B-D027019DDD47}.Release|Any CPU.Build.0 = Release|Any CPU
	EndGlobalSection
	GlobalSection(SolutionProperties) = preSolution
		HideSolutionNode = FALSE
	EndGlobalSection
	GlobalSection(ExtensibilityGlobals) = postSolution
		SolutionGuid = {E744C4CB-326C-4564-AE53-69DF94F7A7A5}
	EndGlobalSection
EndGlobal
